{
  "name": "blog",
  "lockfileVersion": 3,
  "requires": true,
  "packages": {
    "": {
      "dependencies": {
        "@prisma/adapter-d1": "^5.15.1",
        "@prisma/client": "^5.15.1",
        "prisma": "^5.15.1"
      }
    },
    "node_modules/@cloudflare/workers-types": {
      "version": "4.20240529.0",
      "resolved": "https://mirrors.cloud.tencent.com/npm/@cloudflare/workers-types/-/workers-types-4.20240529.0.tgz",
      "integrity": "sha512-W5obfjAwCNdYk3feUHtDfUxtTU6WIq83k6gmrLLJv+HkgCkOTwwrDNs+3w1Qln0tMj+FQx/fbwxw3ZuHIoyzGg=="
    },
    "node_modules/@prisma/adapter-d1": {
      "version": "5.15.1",
      "resolved": "https://mirrors.cloud.tencent.com/npm/@prisma/adapter-d1/-/adapter-d1-5.15.1.tgz",
      "integrity": "sha512-5FIOIBiKXplCqlSiuOUJ25lQGE5Bcx90x42sBweEshEN7bXHGPaxJUZ+gML5XclnL/B4h1VKlbNR2YAyQlwifA==",
      "dependencies": {
        "@cloudflare/workers-types": "4.20240529.0",
        "@prisma/driver-adapter-utils": "5.15.1"
      }
    },
    "node_modules/@prisma/client": {
      "version": "5.15.1",
      "resolved": "https://mirrors.cloud.tencent.com/npm/@prisma/client/-/client-5.15.1.tgz",
      "integrity": "sha512-fmZRGmsUJ9+VwC/AvfP/PwdpD0xAEyPvNsD9/B3+GYpETq9VejVRT3PiqNvl76q1uYYzNZeo8u/LmzzTetHSEg==",
      "hasInstallScript": true,
      "engines": {
        "node": ">=16.13"
      },
      "peerDependencies": {
        "prisma": "*"
      },
      "peerDependenciesMeta": {
        "prisma": {
          "optional": true
        }
      }
    },
    "node_modules/@prisma/debug": {
      "version": "5.15.1",
      "resolved": "https://mirrors.cloud.tencent.com/npm/@prisma/debug/-/debug-5.15.1.tgz",
      "integrity": "sha512-NQjdEplhXEcPvf84ghxExC+LD+iTimbg3sZvA3BhybVQIocBEBxFf9GTHhmRVPmjrWoBaYJBVgEEBXZT27JTbQ=="
    },
    "node_modules/@prisma/driver-adapter-utils": {
      "version": "5.15.1",
      "resolved": "https://mirrors.cloud.tencent.com/npm/@prisma/driver-adapter-utils/-/driver-adapter-utils-5.15.1.tgz",
      "integrity": "sha512-nMqqE0PSkyoIwcT2kSOcRTq9nsjzsRGWFc3ZA9sgCkBxZ6UpTpzNOVsAbFVJLSO9Q+AjUmCfHoKhUM53n9xsCg==",
      "dependencies": {
        "@prisma/debug": "5.15.1"
      }
    },
    "node_modules/@prisma/engines": {
      "version": "5.15.1",
      "resolved": "https://mirrors.cloud.tencent.com/npm/@prisma/engines/-/engines-5.15.1.tgz",
      "integrity": "sha512-1iTRxJEFvpBpEWf2bYiMG6LBBQhX7X+GA5piH+tmPWgc/v+/ElxQf2kjQxby8AErmZqtZkdoKJ7FSRjNjBPE9Q==",
      "hasInstallScript": true,
      "dependencies": {
        "@prisma/debug": "5.15.1",
        "@prisma/engines-version": "5.15.1-1.5675a3182f972f1a8f31d16eee6abf4fd54910e3",
        "@prisma/fetch-engine": "5.15.1",
        "@prisma/get-platform": "5.15.1"
      }
    },
    "node_modules/@prisma/engines-version": {
      "version": "5.15.1-1.5675a3182f972f1a8f31d16eee6abf4fd54910e3",
      "resolved": "https://mirrors.cloud.tencent.com/npm/@prisma/engines-version/-/engines-version-5.15.1-1.5675a3182f972f1a8f31d16eee6abf4fd54910e3.tgz",
      "integrity": "sha512-7csphKGCG6n/cN1MkT1mJvQ78Ir18IknlYZ8eyEoLKdQBb0HscR/6TyPmzqrMA7Rz01K1KeXqctwAqxtA/lKQg=="
    },
    "node_modules/@prisma/fetch-engine": {
      "version": "5.15.1",
      "resolved": "https://mirrors.cloud.tencent.com/npm/@prisma/fetch-engine/-/fetch-engine-5.15.1.tgz",
      "integrity": "sha512-mj0wfsJ+mAdDp1ynT2JKxAXa+CoYMT267qF7g2Uv+oaVTI2CMfGWouMARht8T2QLTgl+gpXSFTwIYbcR+oWEtw==",
      "dependencies": {
        "@prisma/debug": "5.15.1",
        "@prisma/engines-version": "5.15.1-1.5675a3182f972f1a8f31d16eee6abf4fd54910e3",
        "@prisma/get-platform": "5.15.1"
      }
    },
    "node_modules/@prisma/get-platform": {
      "version": "5.15.1",
      "resolved": "https://mirrors.cloud.tencent.com/npm/@prisma/get-platform/-/get-platform-5.15.1.tgz",
      "integrity": "sha512-oFccp7bYys+ZYkmtYzjR+0cRrGKvSuF+h5QhSkyEsYQ9kzJzQRvuWt2SiHRPt8xOQ4MTmujM+bP5uOexnnAHdQ==",
      "dependencies": {
        "@prisma/debug": "5.15.1"
      }
    },
    "node_modules/prisma": {
      "version": "5.15.1",
      "resolved": "https://mirrors.cloud.tencent.com/npm/prisma/-/prisma-5.15.1.tgz",
      "integrity": "sha512-pYsUVpTlYvZ6mWvZKDv9rKdUa7tlfSUJY1CVtgb8Had1pHbIm9fr1MBASccr5XnSuCUrjnvKhWNwgSYy6aCajA==",
      "hasInstallScript": true,
      "dependencies": {
        "@prisma/engines": "5.15.1"
      },
      "bin": {
        "prisma": "build/index.js"
      },
      "engines": {
        "node": ">=16.13"
      }
    }
  }
}
